{
    "_readme": [
        "This file locks the dependencies of your project to a known state",
        "Read more about it at http://getcomposer.org/doc/01-basic-usage.md#composer-lock-the-lock-file",
        "This file is @generated automatically"
    ],
    "hash": "eec4dd8dcbc0249d210d057c2a339775",
    "packages": [
        {
            "name": "simpletools/framework",
            "version": "2.0.10",
            "source": {
                "type": "git",
                "url": "https://github.com/getsimpletools/simpletools.git",
                "reference": "95c5caf029698ba413657332f2a74d5b6261cacd"
            },
            "dist": {
                "type": "zip",
                "url": "https://api.github.com/repos/getsimpletools/simpletools/zipball/95c5caf029698ba413657332f2a74d5b6261cacd",
                "reference": "95c5caf029698ba413657332f2a74d5b6261cacd",
                "shasum": ""
            },
            "require": {
                "php": ">=5.3.0"
            },
            "type": "library",
            "autoload": {
                "psr-0": {
                    "Simpletools\\": "src/"
                }
            },
            "notification-url": "https://packagist.org/downloads/",
            "license": [
                "BSD"
            ],
            "authors": [
                {
                    "name": "Marcin Rosinski",
                    "email": "marcin@getsimpletools.com",
                    "homepage": "http://twitter.com/marcinrosinski"
                }
            ],
            "description": "High Performance MVC Framework",
            "homepage": "http://www.getsimpletools.com/",
            "keywords": [
                "framework"
            ],
            "time": "2014-11-22 20:21:48"
        }
    ],
    "packages-dev": [],
    "aliases": [],
    "minimum-stability": "stable",
    "stability-flags": [],
    "prefer-stable": false,
    "platform": [],
    "platform-dev": []
}
